
Microsoft Visual Studio Solution File, Format Version 12.00
# Visual Studio 2013
VisualStudioVersion = 12.0.21005.1
MinimumVisualStudioVersion = 10.0.40219.1
Project("{8BC9CEB8-8B4A-11D0-8D11-00A0C91BC942}") = "01函数模版", "01函数模版\01函数模版.vcxproj", "{91005AB8-CAFA-47A6-BBBA-DCE0399306A7}"
EndProject
Project("{8BC9CEB8-8B4A-11D0-8D11-00A0C91BC942}") = "02普通函数和函数模版的区别", "02普通函数和函数模版的区别\02普通函数和函数模版的区别.vcxproj", "{44A47D15-967C-4B87-B751-970E96393C66}"
EndProject
Project("{8BC9CEB8-8B4A-11D0-8D11-00A0C91BC942}") = "03普通函数和函数模版的调用规则", "03普通函数和函数模版的调用规则\03普通函数和函数模版的调用规则.vcxproj", "{AA39C984-5FF3-44FC-A9E7-1A2A794D0EA2}"
EndProject
Project("{8BC9CEB8-8B4A-11D0-8D11-00A0C91BC942}") = "04函数模版的局限性和解决方法", "04函数模版的局限性和解决方法\04函数模版的局限性和解决方法.vcxproj", "{B973D149-D424-4688-AEA1-75D38F84C08C}"
EndProject
Project("{8BC9CEB8-8B4A-11D0-8D11-00A0C91BC942}") = "05类模版", "05类模版\05类模版.vcxproj", "{E764788F-9735-46DE-BCC4-F42B1D61E3A6}"
EndProject
Project("{8BC9CEB8-8B4A-11D0-8D11-00A0C91BC942}") = "06复数的模版类", "06复数的模版类\06复数的模版类.vcxproj", "{1A9061FD-6AE2-416E-9417-BDCAC1FD59EC}"
EndProject
Project("{8BC9CEB8-8B4A-11D0-8D11-00A0C91BC942}") = "07类模版做为函数参数", "07类模版做为函数参数\07类模版做为函数参数.vcxproj", "{5C53CF13-1DDF-4C09-81B4-887E524A0516}"
EndProject
Project("{8BC9CEB8-8B4A-11D0-8D11-00A0C91BC942}") = "08类模版的继承", "08类模版的继承\08类模版的继承.vcxproj", "{02FA4018-1BD5-43D9-9DBA-1781E331C5F3}"
EndProject
Project("{8BC9CEB8-8B4A-11D0-8D11-00A0C91BC942}") = "09类模版的成员函数类内类外实现", "09类模版的成员函数类内类外实现\09类模版的成员函数类内类外实现.vcxproj", "{C2243ABC-9555-449A-9164-A142D8CDAF4F}"
EndProject
Project("{8BC9CEB8-8B4A-11D0-8D11-00A0C91BC942}") = "10类模版分文件编写问题及解决方法", "10类模版分文件编写问题及解决方法\10类模版分文件编写问题及解决方法.vcxproj", "{460EEB3E-2780-4604-8A3D-3D7AE8B6DD35}"
EndProject
Project("{8BC9CEB8-8B4A-11D0-8D11-00A0C91BC942}") = "11类模版遇到友元", "11类模版遇到友元\11类模版遇到友元.vcxproj", "{8C54A5EB-9EBB-434A-AC7A-9A1580B977FC}"
EndProject
Project("{8BC9CEB8-8B4A-11D0-8D11-00A0C91BC942}") = "12类模版实现数组", "12类模版实现数组\12类模版实现数组.vcxproj", "{4E1C02DB-6EA1-499C-B70C-A99A9D0F29F1}"
EndProject
Global
	GlobalSection(SolutionConfigurationPlatforms) = preSolution
		Debug|Win32 = Debug|Win32
		Release|Win32 = Release|Win32
	EndGlobalSection
	GlobalSection(ProjectConfigurationPlatforms) = postSolution
		{91005AB8-CAFA-47A6-BBBA-DCE0399306A7}.Debug|Win32.ActiveCfg = Debug|Win32
		{91005AB8-CAFA-47A6-BBBA-DCE0399306A7}.Debug|Win32.Build.0 = Debug|Win32
		{91005AB8-CAFA-47A6-BBBA-DCE0399306A7}.Release|Win32.ActiveCfg = Release|Win32
		{91005AB8-CAFA-47A6-BBBA-DCE0399306A7}.Release|Win32.Build.0 = Release|Win32
		{44A47D15-967C-4B87-B751-970E96393C66}.Debug|Win32.ActiveCfg = Debug|Win32
		{44A47D15-967C-4B87-B751-970E96393C66}.Debug|Win32.Build.0 = Debug|Win32
		{44A47D15-967C-4B87-B751-970E96393C66}.Release|Win32.ActiveCfg = Release|Win32
		{44A47D15-967C-4B87-B751-970E96393C66}.Release|Win32.Build.0 = Release|Win32
		{AA39C984-5FF3-44FC-A9E7-1A2A794D0EA2}.Debug|Win32.ActiveCfg = Debug|Win32
		{AA39C984-5FF3-44FC-A9E7-1A2A794D0EA2}.Debug|Win32.Build.0 = Debug|Win32
		{AA39C984-5FF3-44FC-A9E7-1A2A794D0EA2}.Release|Win32.ActiveCfg = Release|Win32
		{AA39C984-5FF3-44FC-A9E7-1A2A794D0EA2}.Release|Win32.Build.0 = Release|Win32
		{B973D149-D424-4688-AEA1-75D38F84C08C}.Debug|Win32.ActiveCfg = Debug|Win32
		{B973D149-D424-4688-AEA1-75D38F84C08C}.Debug|Win32.Build.0 = Debug|Win32
		{B973D149-D424-4688-AEA1-75D38F84C08C}.Release|Win32.ActiveCfg = Release|Win32
		{B973D149-D424-4688-AEA1-75D38F84C08C}.Release|Win32.Build.0 = Release|Win32
		{E764788F-9735-46DE-BCC4-F42B1D61E3A6}.Debug|Win32.ActiveCfg = Debug|Win32
		{E764788F-9735-46DE-BCC4-F42B1D61E3A6}.Debug|Win32.Build.0 = Debug|Win32
		{E764788F-9735-46DE-BCC4-F42B1D61E3A6}.Release|Win32.ActiveCfg = Release|Win32
		{E764788F-9735-46DE-BCC4-F42B1D61E3A6}.Release|Win32.Build.0 = Release|Win32
		{1A9061FD-6AE2-416E-9417-BDCAC1FD59EC}.Debug|Win32.ActiveCfg = Debug|Win32
		{1A9061FD-6AE2-416E-9417-BDCAC1FD59EC}.Debug|Win32.Build.0 = Debug|Win32
		{1A9061FD-6AE2-416E-9417-BDCAC1FD59EC}.Release|Win32.ActiveCfg = Release|Win32
		{1A9061FD-6AE2-416E-9417-BDCAC1FD59EC}.Release|Win32.Build.0 = Release|Win32
		{5C53CF13-1DDF-4C09-81B4-887E524A0516}.Debug|Win32.ActiveCfg = Debug|Win32
		{5C53CF13-1DDF-4C09-81B4-887E524A0516}.Debug|Win32.Build.0 = Debug|Win32
		{5C53CF13-1DDF-4C09-81B4-887E524A0516}.Release|Win32.ActiveCfg = Release|Win32
		{5C53CF13-1DDF-4C09-81B4-887E524A0516}.Release|Win32.Build.0 = Release|Win32
		{02FA4018-1BD5-43D9-9DBA-1781E331C5F3}.Debug|Win32.ActiveCfg = Debug|Win32
		{02FA4018-1BD5-43D9-9DBA-1781E331C5F3}.Debug|Win32.Build.0 = Debug|Win32
		{02FA4018-1BD5-43D9-9DBA-1781E331C5F3}.Release|Win32.ActiveCfg = Release|Win32
		{02FA4018-1BD5-43D9-9DBA-1781E331C5F3}.Release|Win32.Build.0 = Release|Win32
		{C2243ABC-9555-449A-9164-A142D8CDAF4F}.Debug|Win32.ActiveCfg = Debug|Win32
		{C2243ABC-9555-449A-9164-A142D8CDAF4F}.Debug|Win32.Build.0 = Debug|Win32
		{C2243ABC-9555-449A-9164-A142D8CDAF4F}.Release|Win32.ActiveCfg = Release|Win32
		{C2243ABC-9555-449A-9164-A142D8CDAF4F}.Release|Win32.Build.0 = Release|Win32
		{460EEB3E-2780-4604-8A3D-3D7AE8B6DD35}.Debug|Win32.ActiveCfg = Debug|Win32
		{460EEB3E-2780-4604-8A3D-3D7AE8B6DD35}.Debug|Win32.Build.0 = Debug|Win32
		{460EEB3E-2780-4604-8A3D-3D7AE8B6DD35}.Release|Win32.ActiveCfg = Release|Win32
		{460EEB3E-2780-4604-8A3D-3D7AE8B6DD35}.Release|Win32.Build.0 = Release|Win32
		{8C54A5EB-9EBB-434A-AC7A-9A1580B977FC}.Debug|Win32.ActiveCfg = Debug|Win32
		{8C54A5EB-9EBB-434A-AC7A-9A1580B977FC}.Debug|Win32.Build.0 = Debug|Win32
		{8C54A5EB-9EBB-434A-AC7A-9A1580B977FC}.Release|Win32.ActiveCfg = Release|Win32
		{8C54A5EB-9EBB-434A-AC7A-9A1580B977FC}.Release|Win32.Build.0 = Release|Win32
		{4E1C02DB-6EA1-499C-B70C-A99A9D0F29F1}.Debug|Win32.ActiveCfg = Debug|Win32
		{4E1C02DB-6EA1-499C-B70C-A99A9D0F29F1}.Debug|Win32.Build.0 = Debug|Win32
		{4E1C02DB-6EA1-499C-B70C-A99A9D0F29F1}.Release|Win32.ActiveCfg = Release|Win32
		{4E1C02DB-6EA1-499C-B70C-A99A9D0F29F1}.Release|Win32.Build.0 = Release|Win32
	EndGlobalSection
	GlobalSection(SolutionProperties) = preSolution
		HideSolutionNode = FALSE
	EndGlobalSection
EndGlobal
