
Microsoft Visual Studio Solution File, Format Version 12.00
# Visual Studio 2013
VisualStudioVersion = 12.0.21005.1
MinimumVisualStudioVersion = 10.0.40219.1
Project("{8BC9CEB8-8B4A-11D0-8D11-00A0C91BC942}") = "01helloworld", "01helloworld\01helloworld.vcxproj", "{6764482D-7679-4944-B096-63CB3F22A579}"
EndProject
Project("{8BC9CEB8-8B4A-11D0-8D11-00A0C91BC942}") = "02命名空间", "02命名空间\02命名空间.vcxproj", "{743CD82C-3805-41A2-928C-52D46FABCF6E}"
EndProject
Project("{8BC9CEB8-8B4A-11D0-8D11-00A0C91BC942}") = "03using声明和编译指令", "03using声明和编译指令\03using声明和编译指令.vcxproj", "{F351E31D-4C5A-4E03-9A68-0E2D69F41145}"
EndProject
Project("{8BC9CEB8-8B4A-11D0-8D11-00A0C91BC942}") = "04结构体的加强", "04结构体的加强\04结构体的加强.vcxproj", "{D8A1A823-BF97-4C8D-810A-21FB211789BB}"
EndProject
Project("{8BC9CEB8-8B4A-11D0-8D11-00A0C91BC942}") = "05更加严格的类型转换检查", "05更加严格的类型转换检查\05更加严格的类型转换检查.vcxproj", "{196E37F5-E50D-490A-BCF2-28112F37C537}"
EndProject
Project("{8BC9CEB8-8B4A-11D0-8D11-00A0C91BC942}") = "06三目运算符", "06三目运算符\06三目运算符.vcxproj", "{95EB6086-3E12-4796-AA61-F08CC47CFD78}"
EndProject
Project("{8BC9CEB8-8B4A-11D0-8D11-00A0C91BC942}") = "07C语言const", "07C语言const\07C语言const.vcxproj", "{5134F772-FB68-4BA0-A206-F55E77F27075}"
EndProject
Project("{8BC9CEB8-8B4A-11D0-8D11-00A0C91BC942}") = "08C++编译器不能优化数据的情况", "08C++编译器不能优化数据的情况\08C++编译器不能优化数据的情况.vcxproj", "{881F3B4C-B5DC-40F8-A461-047EE1B620F4}"
EndProject
Project("{8BC9CEB8-8B4A-11D0-8D11-00A0C91BC942}") = "09引用", "09引用\09引用.vcxproj", "{CCF88F52-8555-4E76-BFA1-3496EF4EA13A}"
EndProject
Project("{8BC9CEB8-8B4A-11D0-8D11-00A0C91BC942}") = "10引用的注意", "10引用的注意\10引用的注意.vcxproj", "{8F1B1273-B0FC-4117-B054-BC13C7063AB8}"
EndProject
Project("{8BC9CEB8-8B4A-11D0-8D11-00A0C91BC942}") = "11数组的引用", "11数组的引用\11数组的引用.vcxproj", "{54315E20-21D7-4E88-8550-47E2A03EF317}"
EndProject
Project("{8BC9CEB8-8B4A-11D0-8D11-00A0C91BC942}") = "12尽量用const替代define的原因", "12尽量用const替代define的原因\12尽量用const替代define的原因.vcxproj", "{F43FC40A-7578-44C2-B7F2-3E348F67D3B9}"
EndProject
Project("{8BC9CEB8-8B4A-11D0-8D11-00A0C91BC942}") = "13指针的引用", "13指针的引用\13指针的引用.vcxproj", "{8A6AABF6-D5B8-4789-B2C1-58E79996A09C}"
EndProject
Global
	GlobalSection(SolutionConfigurationPlatforms) = preSolution
		Debug|Win32 = Debug|Win32
		Release|Win32 = Release|Win32
	EndGlobalSection
	GlobalSection(ProjectConfigurationPlatforms) = postSolution
		{6764482D-7679-4944-B096-63CB3F22A579}.Debug|Win32.ActiveCfg = Debug|Win32
		{6764482D-7679-4944-B096-63CB3F22A579}.Debug|Win32.Build.0 = Debug|Win32
		{6764482D-7679-4944-B096-63CB3F22A579}.Release|Win32.ActiveCfg = Release|Win32
		{6764482D-7679-4944-B096-63CB3F22A579}.Release|Win32.Build.0 = Release|Win32
		{743CD82C-3805-41A2-928C-52D46FABCF6E}.Debug|Win32.ActiveCfg = Debug|Win32
		{743CD82C-3805-41A2-928C-52D46FABCF6E}.Debug|Win32.Build.0 = Debug|Win32
		{743CD82C-3805-41A2-928C-52D46FABCF6E}.Release|Win32.ActiveCfg = Release|Win32
		{743CD82C-3805-41A2-928C-52D46FABCF6E}.Release|Win32.Build.0 = Release|Win32
		{F351E31D-4C5A-4E03-9A68-0E2D69F41145}.Debug|Win32.ActiveCfg = Debug|Win32
		{F351E31D-4C5A-4E03-9A68-0E2D69F41145}.Debug|Win32.Build.0 = Debug|Win32
		{F351E31D-4C5A-4E03-9A68-0E2D69F41145}.Release|Win32.ActiveCfg = Release|Win32
		{F351E31D-4C5A-4E03-9A68-0E2D69F41145}.Release|Win32.Build.0 = Release|Win32
		{D8A1A823-BF97-4C8D-810A-21FB211789BB}.Debug|Win32.ActiveCfg = Debug|Win32
		{D8A1A823-BF97-4C8D-810A-21FB211789BB}.Debug|Win32.Build.0 = Debug|Win32
		{D8A1A823-BF97-4C8D-810A-21FB211789BB}.Release|Win32.ActiveCfg = Release|Win32
		{D8A1A823-BF97-4C8D-810A-21FB211789BB}.Release|Win32.Build.0 = Release|Win32
		{196E37F5-E50D-490A-BCF2-28112F37C537}.Debug|Win32.ActiveCfg = Debug|Win32
		{196E37F5-E50D-490A-BCF2-28112F37C537}.Debug|Win32.Build.0 = Debug|Win32
		{196E37F5-E50D-490A-BCF2-28112F37C537}.Release|Win32.ActiveCfg = Release|Win32
		{196E37F5-E50D-490A-BCF2-28112F37C537}.Release|Win32.Build.0 = Release|Win32
		{95EB6086-3E12-4796-AA61-F08CC47CFD78}.Debug|Win32.ActiveCfg = Debug|Win32
		{95EB6086-3E12-4796-AA61-F08CC47CFD78}.Debug|Win32.Build.0 = Debug|Win32
		{95EB6086-3E12-4796-AA61-F08CC47CFD78}.Release|Win32.ActiveCfg = Release|Win32
		{95EB6086-3E12-4796-AA61-F08CC47CFD78}.Release|Win32.Build.0 = Release|Win32
		{5134F772-FB68-4BA0-A206-F55E77F27075}.Debug|Win32.ActiveCfg = Debug|Win32
		{5134F772-FB68-4BA0-A206-F55E77F27075}.Debug|Win32.Build.0 = Debug|Win32
		{5134F772-FB68-4BA0-A206-F55E77F27075}.Release|Win32.ActiveCfg = Release|Win32
		{5134F772-FB68-4BA0-A206-F55E77F27075}.Release|Win32.Build.0 = Release|Win32
		{881F3B4C-B5DC-40F8-A461-047EE1B620F4}.Debug|Win32.ActiveCfg = Debug|Win32
		{881F3B4C-B5DC-40F8-A461-047EE1B620F4}.Debug|Win32.Build.0 = Debug|Win32
		{881F3B4C-B5DC-40F8-A461-047EE1B620F4}.Release|Win32.ActiveCfg = Release|Win32
		{881F3B4C-B5DC-40F8-A461-047EE1B620F4}.Release|Win32.Build.0 = Release|Win32
		{CCF88F52-8555-4E76-BFA1-3496EF4EA13A}.Debug|Win32.ActiveCfg = Debug|Win32
		{CCF88F52-8555-4E76-BFA1-3496EF4EA13A}.Debug|Win32.Build.0 = Debug|Win32
		{CCF88F52-8555-4E76-BFA1-3496EF4EA13A}.Release|Win32.ActiveCfg = Release|Win32
		{CCF88F52-8555-4E76-BFA1-3496EF4EA13A}.Release|Win32.Build.0 = Release|Win32
		{8F1B1273-B0FC-4117-B054-BC13C7063AB8}.Debug|Win32.ActiveCfg = Debug|Win32
		{8F1B1273-B0FC-4117-B054-BC13C7063AB8}.Debug|Win32.Build.0 = Debug|Win32
		{8F1B1273-B0FC-4117-B054-BC13C7063AB8}.Release|Win32.ActiveCfg = Release|Win32
		{8F1B1273-B0FC-4117-B054-BC13C7063AB8}.Release|Win32.Build.0 = Release|Win32
		{54315E20-21D7-4E88-8550-47E2A03EF317}.Debug|Win32.ActiveCfg = Debug|Win32
		{54315E20-21D7-4E88-8550-47E2A03EF317}.Debug|Win32.Build.0 = Debug|Win32
		{54315E20-21D7-4E88-8550-47E2A03EF317}.Release|Win32.ActiveCfg = Release|Win32
		{54315E20-21D7-4E88-8550-47E2A03EF317}.Release|Win32.Build.0 = Release|Win32
		{F43FC40A-7578-44C2-B7F2-3E348F67D3B9}.Debug|Win32.ActiveCfg = Debug|Win32
		{F43FC40A-7578-44C2-B7F2-3E348F67D3B9}.Debug|Win32.Build.0 = Debug|Win32
		{F43FC40A-7578-44C2-B7F2-3E348F67D3B9}.Release|Win32.ActiveCfg = Release|Win32
		{F43FC40A-7578-44C2-B7F2-3E348F67D3B9}.Release|Win32.Build.0 = Release|Win32
		{8A6AABF6-D5B8-4789-B2C1-58E79996A09C}.Debug|Win32.ActiveCfg = Debug|Win32
		{8A6AABF6-D5B8-4789-B2C1-58E79996A09C}.Debug|Win32.Build.0 = Debug|Win32
		{8A6AABF6-D5B8-4789-B2C1-58E79996A09C}.Release|Win32.ActiveCfg = Release|Win32
		{8A6AABF6-D5B8-4789-B2C1-58E79996A09C}.Release|Win32.Build.0 = Release|Win32
	EndGlobalSection
	GlobalSection(SolutionProperties) = preSolution
		HideSolutionNode = FALSE
	EndGlobalSection
EndGlobal
